// !$*UTF8*$!
{
	archiveVersion = 1;
	classes = {
	};
	objectVersion = 56;
	objects = {

/* Begin PBXBuildFile section */
		8A059D462BA437F100218ABC /* AppDelegate.swift in Sources */ = {isa = PBXBuildFile; fileRef = 8A059D452BA437F100218ABC /* AppDelegate.swift */; };
		8A059D482BA437F100218ABC /* SceneDelegate.swift in Sources */ = {isa = PBXBuildFile; fileRef = 8A059D472BA437F100218ABC /* SceneDelegate.swift */; };
		8A059D4A2BA437F100218ABC /* AlbumViewController.swift in Sources */ = {isa = PBXBuildFile; fileRef = 8A059D492BA437F100218ABC /* AlbumViewController.swift */; };
		8A059D4F2BA437F200218ABC /* Assets.xcassets in Resources */ = {isa = PBXBuildFile; fileRef = 8A059D4E2BA437F200218ABC /* Assets.xcassets */; };
		8A059D5E2BA43AD700218ABC /* TabBarViewController.swift in Sources */ = {isa = PBXBuildFile; fileRef = 8A059D5D2BA43AD700218ABC /* TabBarViewController.swift */; };
		8A059D602BA43BFD00218ABC /* MediaViewController.swift in Sources */ = {isa = PBXBuildFile; fileRef = 8A059D5F2BA43BFD00218ABC /* MediaViewController.swift */; };
		8A059D632BA43C2300218ABC /* SnapKit in Frameworks */ = {isa = PBXBuildFile; productRef = 8A059D622BA43C2300218ABC /* SnapKit */; };
		8A059D652BA43C3B00218ABC /* ForYouViewController.swift in Sources */ = {isa = PBXBuildFile; fileRef = 8A059D642BA43C3B00218ABC /* ForYouViewController.swift */; };
		8A059D672BA43C5300218ABC /* SearchViewController.swift in Sources */ = {isa = PBXBuildFile; fileRef = 8A059D662BA43C5300218ABC /* SearchViewController.swift */; };
		8A059D692BA4491B00218ABC /* Models.swift in Sources */ = {isa = PBXBuildFile; fileRef = 8A059D682BA4491B00218ABC /* Models.swift */; };
/* End PBXBuildFile section */

/* Begin PBXFileReference section */
		8A059D422BA437F100218ABC /* iOSPhotoApp.app */ = {isa = PBXFileReference; explicitFileType = wrapper.application; includeInIndex = 0; path = iOSPhotoApp.app; sourceTree = BUILT_PRODUCTS_DIR; };
		8A059D452BA437F100218ABC /* AppDelegate.swift */ = {isa = PBXFileReference; lastKnownFileType = sourcecode.swift; path = AppDelegate.swift; sourceTree = "<group>"; };
		8A059D472BA437F100218ABC /* SceneDelegate.swift */ = {isa = PBXFileReference; lastKnownFileType = sourcecode.swift; path = SceneDelegate.swift; sourceTree = "<group>"; };
		8A059D492BA437F100218ABC /* AlbumViewController.swift */ = {isa = PBXFileReference; lastKnownFileType = sourcecode.swift; path = AlbumViewController.swift; sourceTree = "<group>"; };
		8A059D4E2BA437F200218ABC /* Assets.xcassets */ = {isa = PBXFileReference; lastKnownFileType = folder.assetcatalog; path = Assets.xcassets; sourceTree = "<group>"; };
		8A059D532BA437F200218ABC /* Info.plist */ = {isa = PBXFileReference; lastKnownFileType = text.plist.xml; path = Info.plist; sourceTree = "<group>"; };
		8A059D5D2BA43AD700218ABC /* TabBarViewController.swift */ = {isa = PBXFileReference; lastKnownFileType = sourcecode.swift; path = TabBarViewController.swift; sourceTree = "<group>"; };
		8A059D5F2BA43BFD00218ABC /* MediaViewController.swift */ = {isa = PBXFileReference; lastKnownFileType = sourcecode.swift; path = MediaViewController.swift; sourceTree = "<group>"; };
		8A059D642BA43C3B00218ABC /* ForYouViewController.swift */ = {isa = PBXFileReference; lastKnownFileType = sourcecode.swift; path = ForYouViewController.swift; sourceTree = "<group>"; };
		8A059D662BA43C5300218ABC /* SearchViewController.swift */ = {isa = PBXFileReference; lastKnownFileType = sourcecode.swift; path = SearchViewController.swift; sourceTree = "<group>"; };
		8A059D682BA4491B00218ABC /* Models.swift */ = {isa = PBXFileReference; lastKnownFileType = sourcecode.swift; path = Models.swift; sourceTree = "<group>"; };
/* End PBXFileReference section */

/* Begin PBXFrameworksBuildPhase section */
		8A059D3F2BA437F100218ABC /* Frameworks */ = {
			isa = PBXFrameworksBuildPhase;
			buildActionMask = 2147483647;
			files = (
				8A059D632BA43C2300218ABC /* SnapKit in Frameworks */,
			);
			runOnlyForDeploymentPostprocessing = 0;
		};
/* End PBXFrameworksBuildPhase section */

/* Begin PBXGroup section */
		8A059D392BA437F100218ABC = {
			isa = PBXGroup;
			children = (
				8A059D442BA437F100218ABC /* iOSPhotoApp */,
				8A059D432BA437F100218ABC /* Products */,
			);
			sourceTree = "<group>";
		};
		8A059D432BA437F100218ABC /* Products */ = {
			isa = PBXGroup;
			children = (
				8A059D422BA437F100218ABC /* iOSPhotoApp.app */,
			);
			name = Products;
			sourceTree = "<group>";
		};
		8A059D442BA437F100218ABC /* iOSPhotoApp */ = {
			isa = PBXGroup;
			children = (
				8A059D592BA4388300218ABC /* ViewControllers */,
				8A059D5B2BA438B300218ABC /* Views */,
				8A059D5A2BA438A700218ABC /* Model */,
				8A059D5C2BA438C200218ABC /* Supporrting */,
				8A059D452BA437F100218ABC /* AppDelegate.swift */,
				8A059D472BA437F100218ABC /* SceneDelegate.swift */,
				8A059D532BA437F200218ABC /* Info.plist */,
			);
			path = iOSPhotoApp;
			sourceTree = "<group>";
		};
		8A059D592BA4388300218ABC /* ViewControllers */ = {
			isa = PBXGroup;
			children = (
				8A059D5D2BA43AD700218ABC /* TabBarViewController.swift */,
				8A059D492BA437F100218ABC /* AlbumViewController.swift */,
				8A059D5F2BA43BFD00218ABC /* MediaViewController.swift */,
				8A059D642BA43C3B00218ABC /* ForYouViewController.swift */,
				8A059D662BA43C5300218ABC /* SearchViewController.swift */,
			);
			path = ViewControllers;
			sourceTree = "<group>";
		};
		8A059D5A2BA438A700218ABC /* Model */ = {
			isa = PBXGroup;
			children = (
				8A059D682BA4491B00218ABC /* Models.swift */,
			);
			path = Model;
			sourceTree = "<group>";
		};
		8A059D5B2BA438B300218ABC /* Views */ = {
			isa = PBXGroup;
			children = (
			);
			path = Views;
			sourceTree = "<group>";
		};
		8A059D5C2BA438C200218ABC /* Supporrting */ = {
			isa = PBXGroup;
			children = (
				8A059D4E2BA437F200218ABC /* Assets.xcassets */,
			);
			path = Supporrting;
			sourceTree = "<group>";
		};
/* End PBXGroup section */

/* Begin PBXNativeTarget section */
		8A059D412BA437F100218ABC /* iOSPhotoApp */ = {
			isa = PBXNativeTarget;
			buildConfigurationList = 8A059D562BA437F200218ABC /* Build configuration list for PBXNativeTarget "iOSPhotoApp" */;
			buildPhases = (
				8A059D3E2BA437F100218ABC /* Sources */,
				8A059D3F2BA437F100218ABC /* Frameworks */,
				8A059D402BA437F100218ABC /* Resources */,
			);
			buildRules = (
			);
			dependencies = (
			);
			name = iOSPhotoApp;
			packageProductDependencies = (
				8A059D622BA43C2300218ABC /* SnapKit */,
			);
			productName = iOSPhotoApp;
			productReference = 8A059D422BA437F100218ABC /* iOSPhotoApp.app */;
			productType = "com.apple.product-type.application";
		};
/* End PBXNativeTarget section */

/* Begin PBXProject section */
		8A059D3A2BA437F100218ABC /* Project object */ = {
			isa = PBXProject;
			attributes = {
				BuildIndependentTargetsInParallel = 1;
				LastSwiftUpdateCheck = 1520;
				LastUpgradeCheck = 1520;
				TargetAttributes = {
					8A059D412BA437F100218ABC = {
						CreatedOnToolsVersion = 15.2;
					};
				};
			};
			buildConfigurationList = 8A059D3D2BA437F100218ABC /* Build configuration list for PBXProject "iOSPhotoApp" */;
			compatibilityVersion = "Xcode 14.0";
			developmentRegion = en;
			hasScannedForEncodings = 0;
			knownRegions = (
				en,
				Base,
			);
			mainGroup = 8A059D392BA437F100218ABC;
			packageReferences = (
				8A059D612BA43C2300218ABC /* XCRemoteSwiftPackageReference "SnapKit" */,
			);
			productRefGroup = 8A059D432BA437F100218ABC /* Products */;
			projectDirPath = "";
			projectRoot = "";
			targets = (
				8A059D412BA437F100218ABC /* iOSPhotoApp */,
			);
		};
/* End PBXProject section */

/* Begin PBXResourcesBuildPhase section */
		8A059D402BA437F100218ABC /* Resources */ = {
			isa = PBXResourcesBuildPhase;
			buildActionMask = 2147483647;
			files = (
				8A059D4F2BA437F200218ABC /* Assets.xcassets in Resources */,
			);
			runOnlyForDeploymentPostprocessing = 0;
		};
/* End PBXResourcesBuildPhase section */

/* Begin PBXSourcesBuildPhase section */
		8A059D3E2BA437F100218ABC /* Sources */ = {
			isa = PBXSourcesBuildPhase;
			buildActionMask = 2147483647;
			files = (
				8A059D5E2BA43AD700218ABC /* TabBarViewController.swift in Sources */,
				8A059D672BA43C5300218ABC /* SearchViewController.swift in Sources */,
				8A059D602BA43BFD00218ABC /* MediaViewController.swift in Sources */,
				8A059D692BA4491B00218ABC /* Models.swift in Sources */,
				8A059D652BA43C3B00218ABC /* ForYouViewController.swift in Sources */,
				8A059D4A2BA437F100218ABC /* AlbumViewController.swift in Sources */,
				8A059D462BA437F100218ABC /* AppDelegate.swift in Sources */,
				8A059D482BA437F100218ABC /* SceneDelegate.swift in Sources */,
			);
			runOnlyForDeploymentPostprocessing = 0;
		};
/* End PBXSourcesBuildPhase section */

/* Begin XCBuildConfiguration section */
		8A059D542BA437F200218ABC /* Debug */ = {
			isa = XCBuildConfiguration;
			buildSettings = {
				ALWAYS_SEARCH_USER_PATHS = NO;
				ASSETCATALOG_COMPILER_GENERATE_SWIFT_ASSET_SYMBOL_EXTENSIONS = YES;
				CLANG_ANALYZER_NONNULL = YES;
				CLANG_ANALYZER_NUMBER_OBJECT_CONVERSION = YES_AGGRESSIVE;
				CLANG_CXX_LANGUAGE_STANDARD = "gnu++20";
				CLANG_ENABLE_MODULES = YES;
				CLANG_ENABLE_OBJC_ARC = YES;
				CLANG_ENABLE_OBJC_WEAK = YES;
				CLANG_WARN_BLOCK_CAPTURE_AUTORELEASING = YES;
				CLANG_WARN_BOOL_CONVERSION = YES;
				CLANG_WARN_COMMA = YES;
				CLANG_WARN_CONSTANT_CONVERSION = YES;
				CLANG_WARN_DEPRECATED_OBJC_IMPLEMENTATIONS = YES;
				CLANG_WARN_DIRECT_OBJC_ISA_USAGE = YES_ERROR;
				CLANG_WARN_DOCUMENTATION_COMMENTS = YES;
				CLANG_WARN_EMPTY_BODY = YES;
				CLANG_WARN_ENUM_CONVERSION = YES;
				CLANG_WARN_INFINITE_RECURSION = YES;
				CLANG_WARN_INT_CONVERSION = YES;
				CLANG_WARN_NON_LITERAL_NULL_CONVERSION = YES;
				CLANG_WARN_OBJC_IMPLICIT_RETAIN_SELF = YES;
				CLANG_WARN_OBJC_LITERAL_CONVERSION = YES;
				CLANG_WARN_OBJC_ROOT_CLASS = YES_ERROR;
				CLANG_WARN_QUOTED_INCLUDE_IN_FRAMEWORK_HEADER = YES;
				CLANG_WARN_RANGE_LOOP_ANALYSIS = YES;
				CLANG_WARN_STRICT_PROTOTYPES = YES;
				CLANG_WARN_SUSPICIOUS_MOVE = YES;
				CLANG_WARN_UNGUARDED_AVAILABILITY = YES_AGGRESSIVE;
				CLANG_WARN_UNREACHABLE_CODE = YES;
				CLANG_WARN__DUPLICATE_METHOD_MATCH = YES;
				COPY_PHASE_STRIP = NO;
				DEBUG_INFORMATION_FORMAT = dwarf;
				ENABLE_STRICT_OBJC_MSGSEND = YES;
				ENABLE_TESTABILITY = YES;
				ENABLE_USER_SCRIPT_SANDBOXING = YES;
				GCC_C_LANGUAGE_STANDARD = gnu17;
				GCC_DYNAMIC_NO_PIC = NO;
				GCC_NO_COMMON_BLOCKS = YES;
				GCC_OPTIMIZATION_LEVEL = 0;
				GCC_PREPROCESSOR_DEFINITIONS = (
					"DEBUG=1",
					"$(inherited)",
				);
				GCC_WARN_64_TO_32_BIT_CONVERSION = YES;
				GCC_WARN_ABOUT_RETURN_TYPE = YES_ERROR;
				GCC_WARN_UNDECLARED_SELECTOR = YES;
				GCC_WARN_UNINITIALIZED_AUTOS = YES_AGGRESSIVE;
				GCC_WARN_UNUSED_FUNCTION = YES;
				GCC_WARN_UNUSED_VARIABLE = YES;
				IPHONEOS_DEPLOYMENT_TARGET = 15.0;
				LOCALIZATION_PREFERS_STRING_CATALOGS = YES;
				MTL_ENABLE_DEBUG_INFO = INCLUDE_SOURCE;
				MTL_FAST_MATH = YES;
				ONLY_ACTIVE_ARCH = YES;
				SDKROOT = iphoneos;
				SWIFT_ACTIVE_COMPILATION_CONDITIONS = "DEBUG $(inherited)";
				SWIFT_OPTIMIZATION_LEVEL = "-Onone";
			};
			name = Debug;
		};
		8A059D552BA437F200218ABC /* Release */ = {
			isa = XCBuildConfiguration;
			buildSettings = {
				ALWAYS_SEARCH_USER_PATHS = NO;
				ASSETCATALOG_COMPILER_GENERATE_SWIFT_ASSET_SYMBOL_EXTENSIONS = YES;
				CLANG_ANALYZER_NONNULL = YES;
				CLANG_ANALYZER_NUMBER_OBJECT_CONVERSION = YES_AGGRESSIVE;
				CLANG_CXX_LANGUAGE_STANDARD = "gnu++20";
				CLANG_ENABLE_MODULES = YES;
				CLANG_ENABLE_OBJC_ARC = YES;
				CLANG_ENABLE_OBJC_WEAK = YES;
				CLANG_WARN_BLOCK_CAPTURE_AUTORELEASING = YES;
				CLANG_WARN_BOOL_CONVERSION = YES;
				CLANG_WARN_COMMA = YES;
				CLANG_WARN_CONSTANT_CONVERSION = YES;
				CLANG_WARN_DEPRECATED_OBJC_IMPLEMENTATIONS = YES;
				CLANG_WARN_DIRECT_OBJC_ISA_USAGE = YES_ERROR;
				CLANG_WARN_DOCUMENTATION_COMMENTS = YES;
				CLANG_WARN_EMPTY_BODY = YES;
				CLANG_WARN_ENUM_CONVERSION = YES;
				CLANG_WARN_INFINITE_RECURSION = YES;
				CLANG_WARN_INT_CONVERSION = YES;
				CLANG_WARN_NON_LITERAL_NULL_CONVERSION = YES;
				CLANG_WARN_OBJC_IMPLICIT_RETAIN_SELF = YES;
				CLANG_WARN_OBJC_LITERAL_CONVERSION = YES;
				CLANG_WARN_OBJC_ROOT_CLASS = YES_ERROR;
				CLANG_WARN_QUOTED_INCLUDE_IN_FRAMEWORK_HEADER = YES;
				CLANG_WARN_RANGE_LOOP_ANALYSIS = YES;
				CLANG_WARN_STRICT_PROTOTYPES = YES;
				CLANG_WARN_SUSPICIOUS_MOVE = YES;
				CLANG_WARN_UNGUARDED_AVAILABILITY = YES_AGGRESSIVE;
				CLANG_WARN_UNREACHABLE_CODE = YES;
				CLANG_WARN__DUPLICATE_METHOD_MATCH = YES;
				COPY_PHASE_STRIP = NO;
				DEBUG_INFORMATION_FORMAT = "dwarf-with-dsym";
				ENABLE_NS_ASSERTIONS = NO;
				ENABLE_STRICT_OBJC_MSGSEND = YES;
				ENABLE_USER_SCRIPT_SANDBOXING = YES;
				GCC_C_LANGUAGE_STANDARD = gnu17;
				GCC_NO_COMMON_BLOCKS = YES;
				GCC_WARN_64_TO_32_BIT_CONVERSION = YES;
				GCC_WARN_ABOUT_RETURN_TYPE = YES_ERROR;
				GCC_WARN_UNDECLARED_SELECTOR = YES;
				GCC_WARN_UNINITIALIZED_AUTOS = YES_AGGRESSIVE;
				GCC_WARN_UNUSED_FUNCTION = YES;
				GCC_WARN_UNUSED_VARIABLE = YES;
				IPHONEOS_DEPLOYMENT_TARGET = 15.0;
				LOCALIZATION_PREFERS_STRING_CATALOGS = YES;
				MTL_ENABLE_DEBUG_INFO = NO;
				MTL_FAST_MATH = YES;
				SDKROOT = iphoneos;
				SWIFT_COMPILATION_MODE = wholemodule;
				VALIDATE_PRODUCT = YES;
			};
			name = Release;
		};
		8A059D572BA437F200218ABC /* Debug */ = {
			isa = XCBuildConfiguration;
			buildSettings = {
				ASSETCATALOG_COMPILER_APPICON_NAME = AppIcon;
				ASSETCATALOG_COMPILER_GLOBAL_ACCENT_COLOR_NAME = AccentColor;
				CODE_SIGN_STYLE = Automatic;
				CURRENT_PROJECT_VERSION = 1;
				DEVELOPMENT_TEAM = 975T5UPPNL;
				GENERATE_INFOPLIST_FILE = YES;
				INFOPLIST_FILE = iOSPhotoApp/Info.plist;
				INFOPLIST_KEY_UIApplicationSupportsIndirectInputEvents = YES;
				INFOPLIST_KEY_UILaunchStoryboardName = LaunchScreen;
				INFOPLIST_KEY_UISupportedInterfaceOrientations = UIInterfaceOrientationPortrait;
				INFOPLIST_KEY_UISupportedInterfaceOrientations_iPad = "UIInterfaceOrientationLandscapeLeft UIInterfaceOrientationLandscapeRight UIInterfaceOrientationPortrait UIInterfaceOrientationPortraitUpsideDown";
				LD_RUNPATH_SEARCH_PATHS = (
					"$(inherited)",
					"@executable_path/Frameworks",
				);
				MARKETING_VERSION = 1.0;
				PRODUCT_BUNDLE_IDENTIFIER = "-.iOSPhotoApp";
				PRODUCT_NAME = "$(TARGET_NAME)";
				SWIFT_EMIT_LOC_STRINGS = YES;
				SWIFT_VERSION = 5.0;
				TARGETED_DEVICE_FAMILY = "1,2";
			};
			name = Debug;
		};
		8A059D582BA437F200218ABC /* Release */ = {
			isa = XCBuildConfiguration;
			buildSettings = {
				ASSETCATALOG_COMPILER_APPICON_NAME = AppIcon;
				ASSETCATALOG_COMPILER_GLOBAL_ACCENT_COLOR_NAME = AccentColor;
				CODE_SIGN_STYLE = Automatic;
				CURRENT_PROJECT_VERSION = 1;
				DEVELOPMENT_TEAM = 975T5UPPNL;
				GENERATE_INFOPLIST_FILE = YES;
				INFOPLIST_FILE = iOSPhotoApp/Info.plist;
				INFOPLIST_KEY_UIApplicationSupportsIndirectInputEvents = YES;
				INFOPLIST_KEY_UILaunchStoryboardName = LaunchScreen;
				INFOPLIST_KEY_UISupportedInterfaceOrientations = UIInterfaceOrientationPortrait;
				INFOPLIST_KEY_UISupportedInterfaceOrientations_iPad = "UIInterfaceOrientationLandscapeLeft UIInterfaceOrientationLandscapeRight UIInterfaceOrientationPortrait UIInterfaceOrientationPortraitUpsideDown";
				LD_RUNPATH_SEARCH_PATHS = (
					"$(inherited)",
					"@executable_path/Frameworks",
				);
				MARKETING_VERSION = 1.0;
				PRODUCT_BUNDLE_IDENTIFIER = "-.iOSPhotoApp";
				PRODUCT_NAME = "$(TARGET_NAME)";
				SWIFT_EMIT_LOC_STRINGS = YES;
				SWIFT_VERSION = 5.0;
				TARGETED_DEVICE_FAMILY = "1,2";
			};
			name = Release;
		};
/* End XCBuildConfiguration section */

/* Begin XCConfigurationList section */
		8A059D3D2BA437F100218ABC /* Build configuration list for PBXProject "iOSPhotoApp" */ = {
			isa = XCConfigurationList;
			buildConfigurations = (
				8A059D542BA437F200218ABC /* Debug */,
				8A059D552BA437F200218ABC /* Release */,
			);
			defaultConfigurationIsVisible = 0;
			defaultConfigurationName = Release;
		};
		8A059D562BA437F200218ABC /* Build configuration list for PBXNativeTarget "iOSPhotoApp" */ = {
			isa = XCConfigurationList;
			buildConfigurations = (
				8A059D572BA437F200218ABC /* Debug */,
				8A059D582BA437F200218ABC /* Release */,
			);
			defaultConfigurationIsVisible = 0;
			defaultConfigurationName = Release;
		};
/* End XCConfigurationList section */

/* Begin XCRemoteSwiftPackageReference section */
		8A059D612BA43C2300218ABC /* XCRemoteSwiftPackageReference "SnapKit" */ = {
			isa = XCRemoteSwiftPackageReference;
			repositoryURL = "https://github.com/SnapKit/SnapKit";
			requirement = {
				kind = upToNextMajorVersion;
				minimumVersion = 5.7.1;
			};
		};
/* End XCRemoteSwiftPackageReference section */

/* Begin XCSwiftPackageProductDependency section */
		8A059D622BA43C2300218ABC /* SnapKit */ = {
			isa = XCSwiftPackageProductDependency;
			package = 8A059D612BA43C2300218ABC /* XCRemoteSwiftPackageReference "SnapKit" */;
			productName = SnapKit;
		};
/* End XCSwiftPackageProductDependency section */
	};
	rootObject = 8A059D3A2BA437F100218ABC /* Project object */;
}
